# This file is automatically @generated by Cargo.
# It is not intended for manual editing.
version = 4

[[package]]
name = "ql_ast"
version = "0.1.0"

[[package]]
name = "ql_checker"
version = "0.1.0"
dependencies = [
 "ql_ast",
]

[[package]]
name = "ql_codegen"
version = "0.1.0"
dependencies = [
 "ql_ast",
 "ql_checker",
]

[[package]]
name = "ql_lexer"
version = "0.1.0"

[[package]]
name = "ql_parser"
version = "0.1.0"
dependencies = [
 "ql_ast",
 "ql_lexer",
]

[[package]]
name = "qlc"
version = "0.1.0"
dependencies = [
 "ql_ast",
 "ql_checker",
 "ql_codegen",
 "ql_lexer",
 "ql_parser",
]
